
Microsoft Visual Studio Solution File, Format Version 12.00
# Visual Studio Version 17
VisualStudioVersion = 17.3.32929.385
MinimumVisualStudioVersion = 10.0.40219.1
Project("{FAE04EC0-301F-11D3-BF4B-00C04F79EFBC}") = "OffensivePipeline", "OffensivePipeline\OffensivePipeline.csproj", "{102D65B0-DE68-4FBB-A34F-867CD97CB35F}"
EndProject
Global
	GlobalSection(SolutionConfigurationPlatforms) = preSolution
		Debug|Any CPU = Debug|Any CPU
		Release|Any CPU = Release|Any CPU
	EndGlobalSection
	GlobalSection(ProjectConfigurationPlatforms) = postSolution
		{102D65B0-DE68-4FBB-A34F-867CD97CB35F}.Debug|Any CPU.ActiveCfg = Debug|Any CPU
		{102D65B0-DE68-4FBB-A34F-867CD97CB35F}.Debug|Any CPU.Build.0 = Debug|Any CPU
		{102D65B0-DE68-4FBB-A34F-867CD97CB35F}.Release|Any CPU.ActiveCfg = Release|Any CPU
		{102D65B0-DE68-4FBB-A34F-867CD97CB35F}.Release|Any CPU.Build.0 = Release|Any CPU
	EndGlobalSection
	GlobalSection(SolutionProperties) = preSolution
		HideSolutionNode = FALSE
	EndGlobalSection
	GlobalSection(ExtensibilityGlobals) = postSolution
		SolutionGuid = {376489D4-29A0-4690-AD99-53919C4BD329}
	EndGlobalSection
EndGlobal
