
Microsoft Visual Studio Solution File, Format Version 12.00
# Visual Studio Version 16
VisualStudioVersion = 16.0.30907.101
MinimumVisualStudioVersion = 10.0.40219.1
Project("{9A19103F-16F7-4668-BE54-9A1E7A4F7556}") = "OffensivePipeline", "OffensivePipeline.csproj", "{35E4CDCF-59AD-4946-A9E6-3DDF6661F537}"
EndProject
Global
	GlobalSection(SolutionConfigurationPlatforms) = preSolution
		Debug|Any CPU = Debug|Any CPU
		Release|Any CPU = Release|Any CPU
	EndGlobalSection
	GlobalSection(ProjectConfigurationPlatforms) = postSolution
		{35E4CDCF-59AD-4946-A9E6-3DDF6661F537}.Debug|Any CPU.ActiveCfg = Debug|Any CPU
		{35E4CDCF-59AD-4946-A9E6-3DDF6661F537}.Debug|Any CPU.Build.0 = Debug|Any CPU
		{35E4CDCF-59AD-4946-A9E6-3DDF6661F537}.Release|Any CPU.ActiveCfg = Release|Any CPU
		{35E4CDCF-59AD-4946-A9E6-3DDF6661F537}.Release|Any CPU.Build.0 = Release|Any CPU
	EndGlobalSection
	GlobalSection(SolutionProperties) = preSolution
		HideSolutionNode = FALSE
	EndGlobalSection
	GlobalSection(ExtensibilityGlobals) = postSolution
		SolutionGuid = {BAE47189-32EF-4809-A5EB-9271AAB5DF89}
	EndGlobalSection
EndGlobal
